
Microsoft Visual Studio Solution File, Format Version 12.00
# Visual Studio 15
VisualStudioVersion = 15.0.28307.757
MinimumVisualStudioVersion = 10.0.40219.1
Project("{151D2E53-A2C4-4D7D-83FE-D05416EBD58E}") = "AzureResourceGroup5", "AzureResourceGroup5\AzureResourceGroup5.deployproj", "{17F038BC-BDE8-473A-AE19-506B8EB7674A}"
EndProject
Global
	GlobalSection(SolutionConfigurationPlatforms) = preSolution
		Debug|Any CPU = Debug|Any CPU
		Release|Any CPU = Release|Any CPU
	EndGlobalSection
	GlobalSection(ProjectConfigurationPlatforms) = postSolution
		{17F038BC-BDE8-473A-AE19-506B8EB7674A}.Debug|Any CPU.ActiveCfg = Debug|Any CPU
		{17F038BC-BDE8-473A-AE19-506B8EB7674A}.Debug|Any CPU.Build.0 = Debug|Any CPU
		{17F038BC-BDE8-473A-AE19-506B8EB7674A}.Release|Any CPU.ActiveCfg = Release|Any CPU
		{17F038BC-BDE8-473A-AE19-506B8EB7674A}.Release|Any CPU.Build.0 = Release|Any CPU
	EndGlobalSection
	GlobalSection(SolutionProperties) = preSolution
		HideSolutionNode = FALSE
	EndGlobalSection
	GlobalSection(ExtensibilityGlobals) = postSolution
		SolutionGuid = {DEBAE4A0-3F4C-43C9-AC89-0C47DE6E0ED6}
	EndGlobalSection
EndGlobal
